{
  "nodes": {
    "neovim-src": {
      "flake": false,
      "locked": {
        "lastModified": 1695039858,
        "narHash": "sha256-fTVsLFJALKQArqwKAF1g4iZ0u72lj4eDHNrvDNsKCUw=",
        "owner": "neovim",
        "repo": "neovim",
        "rev": "46402c16c0c38701469c52fb28d16f2483cc7a72",
        "type": "github"
      },
      "original": {
        "owner": "neovim",
        "repo": "neovim",
        "type": "github"
      }
    },
    "nixpkgs": {
      "locked": {
        "lastModified": 1694767346,
        "narHash": "sha256-5uH27SiVFUwsTsqC5rs3kS7pBoNhtoy9QfTP9BmknGk=",
        "owner": "nixos",
        "repo": "nixpkgs",
        "rev": "ace5093e36ab1e95cb9463863491bee90d5a4183",
        "type": "github"
      },
      "original": {
        "owner": "nixos",
        "ref": "nixos-unstable",
        "repo": "nixpkgs",
        "type": "github"
      }
    },
    "root": {
      "inputs": {
        "neovim-src": "neovim-src",
        "nixpkgs": "nixpkgs"
      }
    }
  },
  "root": "root",
  "version": 7
}
